// !$*UTF8*$!
{
	archiveVersion = 1;
	classes = {
	};
	objectVersion = 55;
	objects = {

/* Begin PBXBuildFile section */
		DAAA10F227E2CA98006D4FE3 /* MarkyMarkdownApp.swift in Sources */ = {isa = PBXBuildFile; fileRef = DAAA10DE27E2CA96006D4FE3 /* MarkyMarkdownApp.swift */; };
		DAAA10F327E2CA98006D4FE3 /* MarkyMarkdownApp.swift in Sources */ = {isa = PBXBuildFile; fileRef = DAAA10DE27E2CA96006D4FE3 /* MarkyMarkdownApp.swift */; };
		DAAA10F427E2CA98006D4FE3 /* MarkyMarkdownDocument.swift in Sources */ = {isa = PBXBuildFile; fileRef = DAAA10DF27E2CA96006D4FE3 /* MarkyMarkdownDocument.swift */; };
		DAAA10F527E2CA98006D4FE3 /* MarkyMarkdownDocument.swift in Sources */ = {isa = PBXBuildFile; fileRef = DAAA10DF27E2CA96006D4FE3 /* MarkyMarkdownDocument.swift */; };
		DAAA10F627E2CA98006D4FE3 /* ContentView.swift in Sources */ = {isa = PBXBuildFile; fileRef = DAAA10E027E2CA96006D4FE3 /* ContentView.swift */; };
		DAAA10F727E2CA98006D4FE3 /* ContentView.swift in Sources */ = {isa = PBXBuildFile; fileRef = DAAA10E027E2CA96006D4FE3 /* ContentView.swift */; };
		DAAA10F827E2CA98006D4FE3 /* Assets.xcassets in Resources */ = {isa = PBXBuildFile; fileRef = DAAA10E127E2CA98006D4FE3 /* Assets.xcassets */; };
		DAAA10F927E2CA98006D4FE3 /* Assets.xcassets in Resources */ = {isa = PBXBuildFile; fileRef = DAAA10E127E2CA98006D4FE3 /* Assets.xcassets */; };
/* End PBXBuildFile section */

/* Begin PBXFileReference section */
		DAAA10DE27E2CA96006D4FE3 /* MarkyMarkdownApp.swift */ = {isa = PBXFileReference; lastKnownFileType = sourcecode.swift; path = MarkyMarkdownApp.swift; sourceTree = "<group>"; };
		DAAA10DF27E2CA96006D4FE3 /* MarkyMarkdownDocument.swift */ = {isa = PBXFileReference; lastKnownFileType = sourcecode.swift; path = MarkyMarkdownDocument.swift; sourceTree = "<group>"; };
		DAAA10E027E2CA96006D4FE3 /* ContentView.swift */ = {isa = PBXFileReference; lastKnownFileType = sourcecode.swift; path = ContentView.swift; sourceTree = "<group>"; };
		DAAA10E127E2CA98006D4FE3 /* Assets.xcassets */ = {isa = PBXFileReference; lastKnownFileType = folder.assetcatalog; path = Assets.xcassets; sourceTree = "<group>"; };
		DAAA10E627E2CA98006D4FE3 /* MarkyMarkdown.app */ = {isa = PBXFileReference; explicitFileType = wrapper.application; includeInIndex = 0; path = MarkyMarkdown.app; sourceTree = BUILT_PRODUCTS_DIR; };
		DAAA10E927E2CA98006D4FE3 /* Info.plist */ = {isa = PBXFileReference; lastKnownFileType = text.plist.xml; path = Info.plist; sourceTree = "<group>"; };
		DAAA10EE27E2CA98006D4FE3 /* MarkyMarkdown.app */ = {isa = PBXFileReference; explicitFileType = wrapper.application; includeInIndex = 0; path = MarkyMarkdown.app; sourceTree = BUILT_PRODUCTS_DIR; };
		DAAA10F027E2CA98006D4FE3 /* Info.plist */ = {isa = PBXFileReference; lastKnownFileType = text.plist.xml; path = Info.plist; sourceTree = "<group>"; };
		DAAA10F127E2CA98006D4FE3 /* macOS.entitlements */ = {isa = PBXFileReference; lastKnownFileType = text.plist.entitlements; path = macOS.entitlements; sourceTree = "<group>"; };
/* End PBXFileReference section */

/* Begin PBXFrameworksBuildPhase section */
		DAAA10E327E2CA98006D4FE3 /* Frameworks */ = {
			isa = PBXFrameworksBuildPhase;
			buildActionMask = 2147483647;
			files = (
			);
			runOnlyForDeploymentPostprocessing = 0;
		};
		DAAA10EB27E2CA98006D4FE3 /* Frameworks */ = {
			isa = PBXFrameworksBuildPhase;
			buildActionMask = 2147483647;
			files = (
			);
			runOnlyForDeploymentPostprocessing = 0;
		};
/* End PBXFrameworksBuildPhase section */

/* Begin PBXGroup section */
		DAAA10D827E2CA95006D4FE3 = {
			isa = PBXGroup;
			children = (
				DAAA10DD27E2CA96006D4FE3 /* Shared */,
				DAAA10E827E2CA98006D4FE3 /* iOS */,
				DAAA10EF27E2CA98006D4FE3 /* macOS */,
				DAAA10E727E2CA98006D4FE3 /* Products */,
			);
			sourceTree = "<group>";
		};
		DAAA10DD27E2CA96006D4FE3 /* Shared */ = {
			isa = PBXGroup;
			children = (
				DAAA10DE27E2CA96006D4FE3 /* MarkyMarkdownApp.swift */,
				DAAA10DF27E2CA96006D4FE3 /* MarkyMarkdownDocument.swift */,
				DAAA10E027E2CA96006D4FE3 /* ContentView.swift */,
				DAAA10E127E2CA98006D4FE3 /* Assets.xcassets */,
			);
			path = Shared;
			sourceTree = "<group>";
		};
		DAAA10E727E2CA98006D4FE3 /* Products */ = {
			isa = PBXGroup;
			children = (
				DAAA10E627E2CA98006D4FE3 /* MarkyMarkdown.app */,
				DAAA10EE27E2CA98006D4FE3 /* MarkyMarkdown.app */,
			);
			name = Products;
			sourceTree = "<group>";
		};
		DAAA10E827E2CA98006D4FE3 /* iOS */ = {
			isa = PBXGroup;
			children = (
				DAAA10E927E2CA98006D4FE3 /* Info.plist */,
			);
			path = iOS;
			sourceTree = "<group>";
		};
		DAAA10EF27E2CA98006D4FE3 /* macOS */ = {
			isa = PBXGroup;
			children = (
				DAAA10F027E2CA98006D4FE3 /* Info.plist */,
				DAAA10F127E2CA98006D4FE3 /* macOS.entitlements */,
			);
			path = macOS;
			sourceTree = "<group>";
		};
/* End PBXGroup section */

/* Begin PBXNativeTarget section */
		DAAA10E527E2CA98006D4FE3 /* MarkyMarkdown (iOS) */ = {
			isa = PBXNativeTarget;
			buildConfigurationList = DAAA10FC27E2CA98006D4FE3 /* Build configuration list for PBXNativeTarget "MarkyMarkdown (iOS)" */;
			buildPhases = (
				DAAA10E227E2CA98006D4FE3 /* Sources */,
				DAAA10E327E2CA98006D4FE3 /* Frameworks */,
				DAAA10E427E2CA98006D4FE3 /* Resources */,
			);
			buildRules = (
			);
			dependencies = (
			);
			name = "MarkyMarkdown (iOS)";
			productName = "MarkyMarkdown (iOS)";
			productReference = DAAA10E627E2CA98006D4FE3 /* MarkyMarkdown.app */;
			productType = "com.apple.product-type.application";
		};
		DAAA10ED27E2CA98006D4FE3 /* MarkyMarkdown (macOS) */ = {
			isa = PBXNativeTarget;
			buildConfigurationList = DAAA10FF27E2CA98006D4FE3 /* Build configuration list for PBXNativeTarget "MarkyMarkdown (macOS)" */;
			buildPhases = (
				DAAA10EA27E2CA98006D4FE3 /* Sources */,
				DAAA10EB27E2CA98006D4FE3 /* Frameworks */,
				DAAA10EC27E2CA98006D4FE3 /* Resources */,
			);
			buildRules = (
			);
			dependencies = (
			);
			name = "MarkyMarkdown (macOS)";
			productName = "MarkyMarkdown (macOS)";
			productReference = DAAA10EE27E2CA98006D4FE3 /* MarkyMarkdown.app */;
			productType = "com.apple.product-type.application";
		};
/* End PBXNativeTarget section */

/* Begin PBXProject section */
		DAAA10D927E2CA95006D4FE3 /* Project object */ = {
			isa = PBXProject;
			attributes = {
				BuildIndependentTargetsInParallel = 1;
				LastSwiftUpdateCheck = 1330;
				LastUpgradeCheck = 1330;
				TargetAttributes = {
					DAAA10E527E2CA98006D4FE3 = {
						CreatedOnToolsVersion = 13.3;
					};
					DAAA10ED27E2CA98006D4FE3 = {
						CreatedOnToolsVersion = 13.3;
					};
				};
			};
			buildConfigurationList = DAAA10DC27E2CA95006D4FE3 /* Build configuration list for PBXProject "MarkyMarkdown" */;
			compatibilityVersion = "Xcode 13.0";
			developmentRegion = en;
			hasScannedForEncodings = 0;
			knownRegions = (
				en,
				Base,
			);
			mainGroup = DAAA10D827E2CA95006D4FE3;
			productRefGroup = DAAA10E727E2CA98006D4FE3 /* Products */;
			projectDirPath = "";
			projectRoot = "";
			targets = (
				DAAA10E527E2CA98006D4FE3 /* MarkyMarkdown (iOS) */,
				DAAA10ED27E2CA98006D4FE3 /* MarkyMarkdown (macOS) */,
			);
		};
/* End PBXProject section */

/* Begin PBXResourcesBuildPhase section */
		DAAA10E427E2CA98006D4FE3 /* Resources */ = {
			isa = PBXResourcesBuildPhase;
			buildActionMask = 2147483647;
			files = (
				DAAA10F827E2CA98006D4FE3 /* Assets.xcassets in Resources */,
			);
			runOnlyForDeploymentPostprocessing = 0;
		};
		DAAA10EC27E2CA98006D4FE3 /* Resources */ = {
			isa = PBXResourcesBuildPhase;
			buildActionMask = 2147483647;
			files = (
				DAAA10F927E2CA98006D4FE3 /* Assets.xcassets in Resources */,
			);
			runOnlyForDeploymentPostprocessing = 0;
		};
/* End PBXResourcesBuildPhase section */

/* Begin PBXSourcesBuildPhase section */
		DAAA10E227E2CA98006D4FE3 /* Sources */ = {
			isa = PBXSourcesBuildPhase;
			buildActionMask = 2147483647;
			files = (
				DAAA10F427E2CA98006D4FE3 /* MarkyMarkdownDocument.swift in Sources */,
				DAAA10F227E2CA98006D4FE3 /* MarkyMarkdownApp.swift in Sources */,
				DAAA10F627E2CA98006D4FE3 /* ContentView.swift in Sources */,
			);
			runOnlyForDeploymentPostprocessing = 0;
		};
		DAAA10EA27E2CA98006D4FE3 /* Sources */ = {
			isa = PBXSourcesBuildPhase;
			buildActionMask = 2147483647;
			files = (
				DAAA10F527E2CA98006D4FE3 /* MarkyMarkdownDocument.swift in Sources */,
				DAAA10F327E2CA98006D4FE3 /* MarkyMarkdownApp.swift in Sources */,
				DAAA10F727E2CA98006D4FE3 /* ContentView.swift in Sources */,
			);
			runOnlyForDeploymentPostprocessing = 0;
		};
/* End PBXSourcesBuildPhase section */

/* Begin XCBuildConfiguration section */
		DAAA10FA27E2CA98006D4FE3 /* Debug */ = {
			isa = XCBuildConfiguration;
			buildSettings = {
				ALWAYS_SEARCH_USER_PATHS = NO;
				CLANG_ANALYZER_NONNULL = YES;
				CLANG_ANALYZER_NUMBER_OBJECT_CONVERSION = YES_AGGRESSIVE;
				CLANG_CXX_LANGUAGE_STANDARD = "gnu++17";
				CLANG_ENABLE_MODULES = YES;
				CLANG_ENABLE_OBJC_ARC = YES;
				CLANG_ENABLE_OBJC_WEAK = YES;
				CLANG_WARN_BLOCK_CAPTURE_AUTORELEASING = YES;
				CLANG_WARN_BOOL_CONVERSION = YES;
				CLANG_WARN_COMMA = YES;
				CLANG_WARN_CONSTANT_CONVERSION = YES;
				CLANG_WARN_DEPRECATED_OBJC_IMPLEMENTATIONS = YES;
				CLANG_WARN_DIRECT_OBJC_ISA_USAGE = YES_ERROR;
				CLANG_WARN_DOCUMENTATION_COMMENTS = YES;
				CLANG_WARN_EMPTY_BODY = YES;
				CLANG_WARN_ENUM_CONVERSION = YES;
				CLANG_WARN_INFINITE_RECURSION = YES;
				CLANG_WARN_INT_CONVERSION = YES;
				CLANG_WARN_NON_LITERAL_NULL_CONVERSION = YES;
				CLANG_WARN_OBJC_IMPLICIT_RETAIN_SELF = YES;
				CLANG_WARN_OBJC_LITERAL_CONVERSION = YES;
				CLANG_WARN_OBJC_ROOT_CLASS = YES_ERROR;
				CLANG_WARN_QUOTED_INCLUDE_IN_FRAMEWORK_HEADER = YES;
				CLANG_WARN_RANGE_LOOP_ANALYSIS = YES;
				CLANG_WARN_STRICT_PROTOTYPES = YES;
				CLANG_WARN_SUSPICIOUS_MOVE = YES;
				CLANG_WARN_UNGUARDED_AVAILABILITY = YES_AGGRESSIVE;
				CLANG_WARN_UNREACHABLE_CODE = YES;
				CLANG_WARN__DUPLICATE_METHOD_MATCH = YES;
				COPY_PHASE_STRIP = NO;
				DEBUG_INFORMATION_FORMAT = dwarf;
				ENABLE_STRICT_OBJC_MSGSEND = YES;
				ENABLE_TESTABILITY = YES;
				GCC_C_LANGUAGE_STANDARD = gnu11;
				GCC_DYNAMIC_NO_PIC = NO;
				GCC_NO_COMMON_BLOCKS = YES;
				GCC_OPTIMIZATION_LEVEL = 0;
				GCC_PREPROCESSOR_DEFINITIONS = (
					"DEBUG=1",
					"$(inherited)",
				);
				GCC_WARN_64_TO_32_BIT_CONVERSION = YES;
				GCC_WARN_ABOUT_RETURN_TYPE = YES_ERROR;
				GCC_WARN_UNDECLARED_SELECTOR = YES;
				GCC_WARN_UNINITIALIZED_AUTOS = YES_AGGRESSIVE;
				GCC_WARN_UNUSED_FUNCTION = YES;
				GCC_WARN_UNUSED_VARIABLE = YES;
				MTL_ENABLE_DEBUG_INFO = INCLUDE_SOURCE;
				MTL_FAST_MATH = YES;
				ONLY_ACTIVE_ARCH = YES;
				SWIFT_ACTIVE_COMPILATION_CONDITIONS = DEBUG;
				SWIFT_OPTIMIZATION_LEVEL = "-Onone";
			};
			name = Debug;
		};
		DAAA10FB27E2CA98006D4FE3 /* Release */ = {
			isa = XCBuildConfiguration;
			buildSettings = {
				ALWAYS_SEARCH_USER_PATHS = NO;
				CLANG_ANALYZER_NONNULL = YES;
				CLANG_ANALYZER_NUMBER_OBJECT_CONVERSION = YES_AGGRESSIVE;
				CLANG_CXX_LANGUAGE_STANDARD = "gnu++17";
				CLANG_ENABLE_MODULES = YES;
				CLANG_ENABLE_OBJC_ARC = YES;
				CLANG_ENABLE_OBJC_WEAK = YES;
				CLANG_WARN_BLOCK_CAPTURE_AUTORELEASING = YES;
				CLANG_WARN_BOOL_CONVERSION = YES;
				CLANG_WARN_COMMA = YES;
				CLANG_WARN_CONSTANT_CONVERSION = YES;
				CLANG_WARN_DEPRECATED_OBJC_IMPLEMENTATIONS = YES;
				CLANG_WARN_DIRECT_OBJC_ISA_USAGE = YES_ERROR;
				CLANG_WARN_DOCUMENTATION_COMMENTS = YES;
				CLANG_WARN_EMPTY_BODY = YES;
				CLANG_WARN_ENUM_CONVERSION = YES;
				CLANG_WARN_INFINITE_RECURSION = YES;
				CLANG_WARN_INT_CONVERSION = YES;
				CLANG_WARN_NON_LITERAL_NULL_CONVERSION = YES;
				CLANG_WARN_OBJC_IMPLICIT_RETAIN_SELF = YES;
				CLANG_WARN_OBJC_LITERAL_CONVERSION = YES;
				CLANG_WARN_OBJC_ROOT_CLASS = YES_ERROR;
				CLANG_WARN_QUOTED_INCLUDE_IN_FRAMEWORK_HEADER = YES;
				CLANG_WARN_RANGE_LOOP_ANALYSIS = YES;
				CLANG_WARN_STRICT_PROTOTYPES = YES;
				CLANG_WARN_SUSPICIOUS_MOVE = YES;
				CLANG_WARN_UNGUARDED_AVAILABILITY = YES_AGGRESSIVE;
				CLANG_WARN_UNREACHABLE_CODE = YES;
				CLANG_WARN__DUPLICATE_METHOD_MATCH = YES;
				COPY_PHASE_STRIP = NO;
				DEBUG_INFORMATION_FORMAT = "dwarf-with-dsym";
				ENABLE_NS_ASSERTIONS = NO;
				ENABLE_STRICT_OBJC_MSGSEND = YES;
				GCC_C_LANGUAGE_STANDARD = gnu11;
				GCC_NO_COMMON_BLOCKS = YES;
				GCC_WARN_64_TO_32_BIT_CONVERSION = YES;
				GCC_WARN_ABOUT_RETURN_TYPE = YES_ERROR;
				GCC_WARN_UNDECLARED_SELECTOR = YES;
				GCC_WARN_UNINITIALIZED_AUTOS = YES_AGGRESSIVE;
				GCC_WARN_UNUSED_FUNCTION = YES;
				GCC_WARN_UNUSED_VARIABLE = YES;
				MTL_ENABLE_DEBUG_INFO = NO;
				MTL_FAST_MATH = YES;
				SWIFT_COMPILATION_MODE = wholemodule;
				SWIFT_OPTIMIZATION_LEVEL = "-O";
			};
			name = Release;
		};
		DAAA10FD27E2CA98006D4FE3 /* Debug */ = {
			isa = XCBuildConfiguration;
			buildSettings = {
				ASSETCATALOG_COMPILER_APPICON_NAME = AppIcon;
				ASSETCATALOG_COMPILER_GLOBAL_ACCENT_COLOR_NAME = AccentColor;
				CODE_SIGN_STYLE = Automatic;
				CURRENT_PROJECT_VERSION = 1;
				DEVELOPMENT_TEAM = QBL739225X;
				ENABLE_PREVIEWS = YES;
				GENERATE_INFOPLIST_FILE = YES;
				INFOPLIST_FILE = iOS/Info.plist;
				INFOPLIST_KEY_LSSupportsOpeningDocumentsInPlace = YES;
				INFOPLIST_KEY_UIApplicationSceneManifest_Generation = YES;
				INFOPLIST_KEY_UIApplicationSupportsIndirectInputEvents = YES;
				INFOPLIST_KEY_UILaunchScreen_Generation = YES;
				INFOPLIST_KEY_UISupportedInterfaceOrientations_iPad = "UIInterfaceOrientationPortrait UIInterfaceOrientationPortraitUpsideDown UIInterfaceOrientationLandscapeLeft UIInterfaceOrientationLandscapeRight";
				INFOPLIST_KEY_UISupportedInterfaceOrientations_iPhone = "UIInterfaceOrientationPortrait UIInterfaceOrientationLandscapeLeft UIInterfaceOrientationLandscapeRight";
				INFOPLIST_KEY_UISupportsDocumentBrowser = YES;
				IPHONEOS_DEPLOYMENT_TARGET = 15.4;
				LD_RUNPATH_SEARCH_PATHS = (
					"$(inherited)",
					"@executable_path/Frameworks",
				);
				MARKETING_VERSION = 1.0;
				PRODUCT_BUNDLE_IDENTIFIER = com.Cephalopod.MarkyMarkdown;
				PRODUCT_NAME = MarkyMarkdown;
				SDKROOT = iphoneos;
				SWIFT_EMIT_LOC_STRINGS = YES;
				SWIFT_VERSION = 5.0;
				TARGETED_DEVICE_FAMILY = "1,2";
			};
			name = Debug;
		};
		DAAA10FE27E2CA98006D4FE3 /* Release */ = {
			isa = XCBuildConfiguration;
			buildSettings = {
				ASSETCATALOG_COMPILER_APPICON_NAME = AppIcon;
				ASSETCATALOG_COMPILER_GLOBAL_ACCENT_COLOR_NAME = AccentColor;
				CODE_SIGN_STYLE = Automatic;
				CURRENT_PROJECT_VERSION = 1;
				DEVELOPMENT_TEAM = QBL739225X;
				ENABLE_PREVIEWS = YES;
				GENERATE_INFOPLIST_FILE = YES;
				INFOPLIST_FILE = iOS/Info.plist;
				INFOPLIST_KEY_LSSupportsOpeningDocumentsInPlace = YES;
				INFOPLIST_KEY_UIApplicationSceneManifest_Generation = YES;
				INFOPLIST_KEY_UIApplicationSupportsIndirectInputEvents = YES;
				INFOPLIST_KEY_UILaunchScreen_Generation = YES;
				INFOPLIST_KEY_UISupportedInterfaceOrientations_iPad = "UIInterfaceOrientationPortrait UIInterfaceOrientationPortraitUpsideDown UIInterfaceOrientationLandscapeLeft UIInterfaceOrientationLandscapeRight";
				INFOPLIST_KEY_UISupportedInterfaceOrientations_iPhone = "UIInterfaceOrientationPortrait UIInterfaceOrientationLandscapeLeft UIInterfaceOrientationLandscapeRight";
				INFOPLIST_KEY_UISupportsDocumentBrowser = YES;
				IPHONEOS_DEPLOYMENT_TARGET = 15.4;
				LD_RUNPATH_SEARCH_PATHS = (
					"$(inherited)",
					"@executable_path/Frameworks",
				);
				MARKETING_VERSION = 1.0;
				PRODUCT_BUNDLE_IDENTIFIER = com.Cephalopod.MarkyMarkdown;
				PRODUCT_NAME = MarkyMarkdown;
				SDKROOT = iphoneos;
				SWIFT_EMIT_LOC_STRINGS = YES;
				SWIFT_VERSION = 5.0;
				TARGETED_DEVICE_FAMILY = "1,2";
				VALIDATE_PRODUCT = YES;
			};
			name = Release;
		};
		DAAA110027E2CA98006D4FE3 /* Debug */ = {
			isa = XCBuildConfiguration;
			buildSettings = {
				ASSETCATALOG_COMPILER_APPICON_NAME = AppIcon;
				ASSETCATALOG_COMPILER_GLOBAL_ACCENT_COLOR_NAME = AccentColor;
				CODE_SIGN_ENTITLEMENTS = macOS/macOS.entitlements;
				CODE_SIGN_STYLE = Automatic;
				COMBINE_HIDPI_IMAGES = YES;
				CURRENT_PROJECT_VERSION = 1;
				DEVELOPMENT_TEAM = QBL739225X;
				ENABLE_HARDENED_RUNTIME = YES;
				ENABLE_PREVIEWS = YES;
				GENERATE_INFOPLIST_FILE = YES;
				INFOPLIST_FILE = macOS/Info.plist;
				INFOPLIST_KEY_NSHumanReadableCopyright = "";
				LD_RUNPATH_SEARCH_PATHS = (
					"$(inherited)",
					"@executable_path/../Frameworks",
				);
				MACOSX_DEPLOYMENT_TARGET = 12.2;
				MARKETING_VERSION = 1.0;
				PRODUCT_BUNDLE_IDENTIFIER = com.Cephalopod.MarkyMarkdown;
				PRODUCT_NAME = MarkyMarkdown;
				SDKROOT = macosx;
				SWIFT_EMIT_LOC_STRINGS = YES;
				SWIFT_VERSION = 5.0;
			};
			name = Debug;
		};
		DAAA110127E2CA98006D4FE3 /* Release */ = {
			isa = XCBuildConfiguration;
			buildSettings = {
				ASSETCATALOG_COMPILER_APPICON_NAME = AppIcon;
				ASSETCATALOG_COMPILER_GLOBAL_ACCENT_COLOR_NAME = AccentColor;
				CODE_SIGN_ENTITLEMENTS = macOS/macOS.entitlements;
				CODE_SIGN_STYLE = Automatic;
				COMBINE_HIDPI_IMAGES = YES;
				CURRENT_PROJECT_VERSION = 1;
				DEVELOPMENT_TEAM = QBL739225X;
				ENABLE_HARDENED_RUNTIME = YES;
				ENABLE_PREVIEWS = YES;
				GENERATE_INFOPLIST_FILE = YES;
				INFOPLIST_FILE = macOS/Info.plist;
				INFOPLIST_KEY_NSHumanReadableCopyright = "";
				LD_RUNPATH_SEARCH_PATHS = (
					"$(inherited)",
					"@executable_path/../Frameworks",
				);
				MACOSX_DEPLOYMENT_TARGET = 12.2;
				MARKETING_VERSION = 1.0;
				PRODUCT_BUNDLE_IDENTIFIER = com.Cephalopod.MarkyMarkdown;
				PRODUCT_NAME = MarkyMarkdown;
				SDKROOT = macosx;
				SWIFT_EMIT_LOC_STRINGS = YES;
				SWIFT_VERSION = 5.0;
			};
			name = Release;
		};
/* End XCBuildConfiguration section */

/* Begin XCConfigurationList section */
		DAAA10DC27E2CA95006D4FE3 /* Build configuration list for PBXProject "MarkyMarkdown" */ = {
			isa = XCConfigurationList;
			buildConfigurations = (
				DAAA10FA27E2CA98006D4FE3 /* Debug */,
				DAAA10FB27E2CA98006D4FE3 /* Release */,
			);
			defaultConfigurationIsVisible = 0;
			defaultConfigurationName = Release;
		};
		DAAA10FC27E2CA98006D4FE3 /* Build configuration list for PBXNativeTarget "MarkyMarkdown (iOS)" */ = {
			isa = XCConfigurationList;
			buildConfigurations = (
				DAAA10FD27E2CA98006D4FE3 /* Debug */,
				DAAA10FE27E2CA98006D4FE3 /* Release */,
			);
			defaultConfigurationIsVisible = 0;
			defaultConfigurationName = Release;
		};
		DAAA10FF27E2CA98006D4FE3 /* Build configuration list for PBXNativeTarget "MarkyMarkdown (macOS)" */ = {
			isa = XCConfigurationList;
			buildConfigurations = (
				DAAA110027E2CA98006D4FE3 /* Debug */,
				DAAA110127E2CA98006D4FE3 /* Release */,
			);
			defaultConfigurationIsVisible = 0;
			defaultConfigurationName = Release;
		};
/* End XCConfigurationList section */
	};
	rootObject = DAAA10D927E2CA95006D4FE3 /* Project object */;
}
